// !$*UTF8*$!
{
	archiveVersion = 1;
	classes = {
	};
	objectVersion = 50;
	objects = {

/* Begin PBXBuildFile section */
		83E68F21254EE38700C79CEA /* AppDelegate.swift in Sources */ = {isa = PBXBuildFile; fileRef = 83E68F20254EE38700C79CEA /* AppDelegate.swift */; };
		83E68F23254EE38700C79CEA /* SceneDelegate.swift in Sources */ = {isa = PBXBuildFile; fileRef = 83E68F22254EE38700C79CEA /* SceneDelegate.swift */; };
		83E68F25254EE38700C79CEA /* ViewController.swift in Sources */ = {isa = PBXBuildFile; fileRef = 83E68F24254EE38700C79CEA /* ViewController.swift */; };
		83E68F28254EE38700C79CEA /* Main.storyboard in Resources */ = {isa = PBXBuildFile; fileRef = 83E68F26254EE38700C79CEA /* Main.storyboard */; };
		83E68F2A254EE38900C79CEA /* Assets.xcassets in Resources */ = {isa = PBXBuildFile; fileRef = 83E68F29254EE38900C79CEA /* Assets.xcassets */; };
		83E68F2D254EE38900C79CEA /* LaunchScreen.storyboard in Resources */ = {isa = PBXBuildFile; fileRef = 83E68F2B254EE38900C79CEA /* LaunchScreen.storyboard */; };
		83E68F38254EE38900C79CEA /* SegueAppTests.swift in Sources */ = {isa = PBXBuildFile; fileRef = 83E68F37254EE38900C79CEA /* SegueAppTests.swift */; };
		83E68F43254EE38900C79CEA /* SegueAppUITests.swift in Sources */ = {isa = PBXBuildFile; fileRef = 83E68F42254EE38900C79CEA /* SegueAppUITests.swift */; };
		83E68F54254EE56900C79CEA /* SeccondViewController.swift in Sources */ = {isa = PBXBuildFile; fileRef = 83E68F53254EE56900C79CEA /* SeccondViewController.swift */; };
/* End PBXBuildFile section */

/* Begin PBXContainerItemProxy section */
		83E68F34254EE38900C79CEA /* PBXContainerItemProxy */ = {
			isa = PBXContainerItemProxy;
			containerPortal = 83E68F15254EE38700C79CEA /* Project object */;
			proxyType = 1;
			remoteGlobalIDString = 83E68F1C254EE38700C79CEA;
			remoteInfo = SegueApp;
		};
		83E68F3F254EE38900C79CEA /* PBXContainerItemProxy */ = {
			isa = PBXContainerItemProxy;
			containerPortal = 83E68F15254EE38700C79CEA /* Project object */;
			proxyType = 1;
			remoteGlobalIDString = 83E68F1C254EE38700C79CEA;
			remoteInfo = SegueApp;
		};
/* End PBXContainerItemProxy section */

/* Begin PBXFileReference section */
		83E68F1D254EE38700C79CEA /* SegueApp.app */ = {isa = PBXFileReference; explicitFileType = wrapper.application; includeInIndex = 0; path = SegueApp.app; sourceTree = BUILT_PRODUCTS_DIR; };
		83E68F20254EE38700C79CEA /* AppDelegate.swift */ = {isa = PBXFileReference; lastKnownFileType = sourcecode.swift; path = AppDelegate.swift; sourceTree = "<group>"; };
		83E68F22254EE38700C79CEA /* SceneDelegate.swift */ = {isa = PBXFileReference; lastKnownFileType = sourcecode.swift; path = SceneDelegate.swift; sourceTree = "<group>"; };
		83E68F24254EE38700C79CEA /* ViewController.swift */ = {isa = PBXFileReference; lastKnownFileType = sourcecode.swift; path = ViewController.swift; sourceTree = "<group>"; };
		83E68F27254EE38700C79CEA /* Base */ = {isa = PBXFileReference; lastKnownFileType = file.storyboard; name = Base; path = Base.lproj/Main.storyboard; sourceTree = "<group>"; };
		83E68F29254EE38900C79CEA /* Assets.xcassets */ = {isa = PBXFileReference; lastKnownFileType = folder.assetcatalog; path = Assets.xcassets; sourceTree = "<group>"; };
		83E68F2C254EE38900C79CEA /* Base */ = {isa = PBXFileReference; lastKnownFileType = file.storyboard; name = Base; path = Base.lproj/LaunchScreen.storyboard; sourceTree = "<group>"; };
		83E68F2E254EE38900C79CEA /* Info.plist */ = {isa = PBXFileReference; lastKnownFileType = text.plist.xml; path = Info.plist; sourceTree = "<group>"; };
		83E68F33254EE38900C79CEA /* SegueAppTests.xctest */ = {isa = PBXFileReference; explicitFileType = wrapper.cfbundle; includeInIndex = 0; path = SegueAppTests.xctest; sourceTree = BUILT_PRODUCTS_DIR; };
		83E68F37254EE38900C79CEA /* SegueAppTests.swift */ = {isa = PBXFileReference; lastKnownFileType = sourcecode.swift; path = SegueAppTests.swift; sourceTree = "<group>"; };
		83E68F39254EE38900C79CEA /* Info.plist */ = {isa = PBXFileReference; lastKnownFileType = text.plist.xml; path = Info.plist; sourceTree = "<group>"; };
		83E68F3E254EE38900C79CEA /* SegueAppUITests.xctest */ = {isa = PBXFileReference; explicitFileType = wrapper.cfbundle; includeInIndex = 0; path = SegueAppUITests.xctest; sourceTree = BUILT_PRODUCTS_DIR; };
		83E68F42254EE38900C79CEA /* SegueAppUITests.swift */ = {isa = PBXFileReference; lastKnownFileType = sourcecode.swift; path = SegueAppUITests.swift; sourceTree = "<group>"; };
		83E68F44254EE38900C79CEA /* Info.plist */ = {isa = PBXFileReference; lastKnownFileType = text.plist.xml; path = Info.plist; sourceTree = "<group>"; };
		83E68F53254EE56900C79CEA /* SeccondViewController.swift */ = {isa = PBXFileReference; lastKnownFileType = sourcecode.swift; path = SeccondViewController.swift; sourceTree = "<group>"; };
/* End PBXFileReference section */

/* Begin PBXFrameworksBuildPhase section */
		83E68F1A254EE38700C79CEA /* Frameworks */ = {
			isa = PBXFrameworksBuildPhase;
			buildActionMask = 2147483647;
			files = (
			);
			runOnlyForDeploymentPostprocessing = 0;
		};
		83E68F30254EE38900C79CEA /* Frameworks */ = {
			isa = PBXFrameworksBuildPhase;
			buildActionMask = 2147483647;
			files = (
			);
			runOnlyForDeploymentPostprocessing = 0;
		};
		83E68F3B254EE38900C79CEA /* Frameworks */ = {
			isa = PBXFrameworksBuildPhase;
			buildActionMask = 2147483647;
			files = (
			);
			runOnlyForDeploymentPostprocessing = 0;
		};
/* End PBXFrameworksBuildPhase section */

/* Begin PBXGroup section */
		83E68F14254EE38700C79CEA = {
			isa = PBXGroup;
			children = (
				83E68F1F254EE38700C79CEA /* SegueApp */,
				83E68F36254EE38900C79CEA /* SegueAppTests */,
				83E68F41254EE38900C79CEA /* SegueAppUITests */,
				83E68F1E254EE38700C79CEA /* Products */,
			);
			sourceTree = "<group>";
		};
		83E68F1E254EE38700C79CEA /* Products */ = {
			isa = PBXGroup;
			children = (
				83E68F1D254EE38700C79CEA /* SegueApp.app */,
				83E68F33254EE38900C79CEA /* SegueAppTests.xctest */,
				83E68F3E254EE38900C79CEA /* SegueAppUITests.xctest */,
			);
			name = Products;
			sourceTree = "<group>";
		};
		83E68F1F254EE38700C79CEA /* SegueApp */ = {
			isa = PBXGroup;
			children = (
				83E68F20254EE38700C79CEA /* AppDelegate.swift */,
				83E68F22254EE38700C79CEA /* SceneDelegate.swift */,
				83E68F24254EE38700C79CEA /* ViewController.swift */,
				83E68F53254EE56900C79CEA /* SeccondViewController.swift */,
				83E68F26254EE38700C79CEA /* Main.storyboard */,
				83E68F29254EE38900C79CEA /* Assets.xcassets */,
				83E68F2B254EE38900C79CEA /* LaunchScreen.storyboard */,
				83E68F2E254EE38900C79CEA /* Info.plist */,
			);
			path = SegueApp;
			sourceTree = "<group>";
		};
		83E68F36254EE38900C79CEA /* SegueAppTests */ = {
			isa = PBXGroup;
			children = (
				83E68F37254EE38900C79CEA /* SegueAppTests.swift */,
				83E68F39254EE38900C79CEA /* Info.plist */,
			);
			path = SegueAppTests;
			sourceTree = "<group>";
		};
		83E68F41254EE38900C79CEA /* SegueAppUITests */ = {
			isa = PBXGroup;
			children = (
				83E68F42254EE38900C79CEA /* SegueAppUITests.swift */,
				83E68F44254EE38900C79CEA /* Info.plist */,
			);
			path = SegueAppUITests;
			sourceTree = "<group>";
		};
/* End PBXGroup section */

/* Begin PBXNativeTarget section */
		83E68F1C254EE38700C79CEA /* SegueApp */ = {
			isa = PBXNativeTarget;
			buildConfigurationList = 83E68F47254EE38900C79CEA /* Build configuration list for PBXNativeTarget "SegueApp" */;
			buildPhases = (
				83E68F19254EE38700C79CEA /* Sources */,
				83E68F1A254EE38700C79CEA /* Frameworks */,
				83E68F1B254EE38700C79CEA /* Resources */,
			);
			buildRules = (
			);
			dependencies = (
			);
			name = SegueApp;
			productName = SegueApp;
			productReference = 83E68F1D254EE38700C79CEA /* SegueApp.app */;
			productType = "com.apple.product-type.application";
		};
		83E68F32254EE38900C79CEA /* SegueAppTests */ = {
			isa = PBXNativeTarget;
			buildConfigurationList = 83E68F4A254EE38900C79CEA /* Build configuration list for PBXNativeTarget "SegueAppTests" */;
			buildPhases = (
				83E68F2F254EE38900C79CEA /* Sources */,
				83E68F30254EE38900C79CEA /* Frameworks */,
				83E68F31254EE38900C79CEA /* Resources */,
			);
			buildRules = (
			);
			dependencies = (
				83E68F35254EE38900C79CEA /* PBXTargetDependency */,
			);
			name = SegueAppTests;
			productName = SegueAppTests;
			productReference = 83E68F33254EE38900C79CEA /* SegueAppTests.xctest */;
			productType = "com.apple.product-type.bundle.unit-test";
		};
		83E68F3D254EE38900C79CEA /* SegueAppUITests */ = {
			isa = PBXNativeTarget;
			buildConfigurationList = 83E68F4D254EE38900C79CEA /* Build configuration list for PBXNativeTarget "SegueAppUITests" */;
			buildPhases = (
				83E68F3A254EE38900C79CEA /* Sources */,
				83E68F3B254EE38900C79CEA /* Frameworks */,
				83E68F3C254EE38900C79CEA /* Resources */,
			);
			buildRules = (
			);
			dependencies = (
				83E68F40254EE38900C79CEA /* PBXTargetDependency */,
			);
			name = SegueAppUITests;
			productName = SegueAppUITests;
			productReference = 83E68F3E254EE38900C79CEA /* SegueAppUITests.xctest */;
			productType = "com.apple.product-type.bundle.ui-testing";
		};
/* End PBXNativeTarget section */

/* Begin PBXProject section */
		83E68F15254EE38700C79CEA /* Project object */ = {
			isa = PBXProject;
			attributes = {
				LastSwiftUpdateCheck = 1210;
				LastUpgradeCheck = 1210;
				TargetAttributes = {
					83E68F1C254EE38700C79CEA = {
						CreatedOnToolsVersion = 12.1;
					};
					83E68F32254EE38900C79CEA = {
						CreatedOnToolsVersion = 12.1;
						TestTargetID = 83E68F1C254EE38700C79CEA;
					};
					83E68F3D254EE38900C79CEA = {
						CreatedOnToolsVersion = 12.1;
						TestTargetID = 83E68F1C254EE38700C79CEA;
					};
				};
			};
			buildConfigurationList = 83E68F18254EE38700C79CEA /* Build configuration list for PBXProject "SegueApp" */;
			compatibilityVersion = "Xcode 9.3";
			developmentRegion = en;
			hasScannedForEncodings = 0;
			knownRegions = (
				en,
				Base,
			);
			mainGroup = 83E68F14254EE38700C79CEA;
			productRefGroup = 83E68F1E254EE38700C79CEA /* Products */;
			projectDirPath = "";
			projectRoot = "";
			targets = (
				83E68F1C254EE38700C79CEA /* SegueApp */,
				83E68F32254EE38900C79CEA /* SegueAppTests */,
				83E68F3D254EE38900C79CEA /* SegueAppUITests */,
			);
		};
/* End PBXProject section */

/* Begin PBXResourcesBuildPhase section */
		83E68F1B254EE38700C79CEA /* Resources */ = {
			isa = PBXResourcesBuildPhase;
			buildActionMask = 2147483647;
			files = (
				83E68F2D254EE38900C79CEA /* LaunchScreen.storyboard in Resources */,
				83E68F2A254EE38900C79CEA /* Assets.xcassets in Resources */,
				83E68F28254EE38700C79CEA /* Main.storyboard in Resources */,
			);
			runOnlyForDeploymentPostprocessing = 0;
		};
		83E68F31254EE38900C79CEA /* Resources */ = {
			isa = PBXResourcesBuildPhase;
			buildActionMask = 2147483647;
			files = (
			);
			runOnlyForDeploymentPostprocessing = 0;
		};
		83E68F3C254EE38900C79CEA /* Resources */ = {
			isa = PBXResourcesBuildPhase;
			buildActionMask = 2147483647;
			files = (
			);
			runOnlyForDeploymentPostprocessing = 0;
		};
/* End PBXResourcesBuildPhase section */

/* Begin PBXSourcesBuildPhase section */
		83E68F19254EE38700C79CEA /* Sources */ = {
			isa = PBXSourcesBuildPhase;
			buildActionMask = 2147483647;
			files = (
				83E68F54254EE56900C79CEA /* SeccondViewController.swift in Sources */,
				83E68F25254EE38700C79CEA /* ViewController.swift in Sources */,
				83E68F21254EE38700C79CEA /* AppDelegate.swift in Sources */,
				83E68F23254EE38700C79CEA /* SceneDelegate.swift in Sources */,
			);
			runOnlyForDeploymentPostprocessing = 0;
		};
		83E68F2F254EE38900C79CEA /* Sources */ = {
			isa = PBXSourcesBuildPhase;
			buildActionMask = 2147483647;
			files = (
				83E68F38254EE38900C79CEA /* SegueAppTests.swift in Sources */,
			);
			runOnlyForDeploymentPostprocessing = 0;
		};
		83E68F3A254EE38900C79CEA /* Sources */ = {
			isa = PBXSourcesBuildPhase;
			buildActionMask = 2147483647;
			files = (
				83E68F43254EE38900C79CEA /* SegueAppUITests.swift in Sources */,
			);
			runOnlyForDeploymentPostprocessing = 0;
		};
/* End PBXSourcesBuildPhase section */

/* Begin PBXTargetDependency section */
		83E68F35254EE38900C79CEA /* PBXTargetDependency */ = {
			isa = PBXTargetDependency;
			target = 83E68F1C254EE38700C79CEA /* SegueApp */;
			targetProxy = 83E68F34254EE38900C79CEA /* PBXContainerItemProxy */;
		};
		83E68F40254EE38900C79CEA /* PBXTargetDependency */ = {
			isa = PBXTargetDependency;
			target = 83E68F1C254EE38700C79CEA /* SegueApp */;
			targetProxy = 83E68F3F254EE38900C79CEA /* PBXContainerItemProxy */;
		};
/* End PBXTargetDependency section */

/* Begin PBXVariantGroup section */
		83E68F26254EE38700C79CEA /* Main.storyboard */ = {
			isa = PBXVariantGroup;
			children = (
				83E68F27254EE38700C79CEA /* Base */,
			);
			name = Main.storyboard;
			sourceTree = "<group>";
		};
		83E68F2B254EE38900C79CEA /* LaunchScreen.storyboard */ = {
			isa = PBXVariantGroup;
			children = (
				83E68F2C254EE38900C79CEA /* Base */,
			);
			name = LaunchScreen.storyboard;
			sourceTree = "<group>";
		};
/* End PBXVariantGroup section */

/* Begin XCBuildConfiguration section */
		83E68F45254EE38900C79CEA /* Debug */ = {
			isa = XCBuildConfiguration;
			buildSettings = {
				ALWAYS_SEARCH_USER_PATHS = NO;
				CLANG_ANALYZER_NONNULL = YES;
				CLANG_ANALYZER_NUMBER_OBJECT_CONVERSION = YES_AGGRESSIVE;
				CLANG_CXX_LANGUAGE_STANDARD = "gnu++14";
				CLANG_CXX_LIBRARY = "libc++";
				CLANG_ENABLE_MODULES = YES;
				CLANG_ENABLE_OBJC_ARC = YES;
				CLANG_ENABLE_OBJC_WEAK = YES;
				CLANG_WARN_BLOCK_CAPTURE_AUTORELEASING = YES;
				CLANG_WARN_BOOL_CONVERSION = YES;
				CLANG_WARN_COMMA = YES;
				CLANG_WARN_CONSTANT_CONVERSION = YES;
				CLANG_WARN_DEPRECATED_OBJC_IMPLEMENTATIONS = YES;
				CLANG_WARN_DIRECT_OBJC_ISA_USAGE = YES_ERROR;
				CLANG_WARN_DOCUMENTATION_COMMENTS = YES;
				CLANG_WARN_EMPTY_BODY = YES;
				CLANG_WARN_ENUM_CONVERSION = YES;
				CLANG_WARN_INFINITE_RECURSION = YES;
				CLANG_WARN_INT_CONVERSION = YES;
				CLANG_WARN_NON_LITERAL_NULL_CONVERSION = YES;
				CLANG_WARN_OBJC_IMPLICIT_RETAIN_SELF = YES;
				CLANG_WARN_OBJC_LITERAL_CONVERSION = YES;
				CLANG_WARN_OBJC_ROOT_CLASS = YES_ERROR;
				CLANG_WARN_QUOTED_INCLUDE_IN_FRAMEWORK_HEADER = YES;
				CLANG_WARN_RANGE_LOOP_ANALYSIS = YES;
				CLANG_WARN_STRICT_PROTOTYPES = YES;
				CLANG_WARN_SUSPICIOUS_MOVE = YES;
				CLANG_WARN_UNGUARDED_AVAILABILITY = YES_AGGRESSIVE;
				CLANG_WARN_UNREACHABLE_CODE = YES;
				CLANG_WARN__DUPLICATE_METHOD_MATCH = YES;
				COPY_PHASE_STRIP = NO;
				DEBUG_INFORMATION_FORMAT = dwarf;
				ENABLE_STRICT_OBJC_MSGSEND = YES;
				ENABLE_TESTABILITY = YES;
				GCC_C_LANGUAGE_STANDARD = gnu11;
				GCC_DYNAMIC_NO_PIC = NO;
				GCC_NO_COMMON_BLOCKS = YES;
				GCC_OPTIMIZATION_LEVEL = 0;
				GCC_PREPROCESSOR_DEFINITIONS = (
					"DEBUG=1",
					"$(inherited)",
				);
				GCC_WARN_64_TO_32_BIT_CONVERSION = YES;
				GCC_WARN_ABOUT_RETURN_TYPE = YES_ERROR;
				GCC_WARN_UNDECLARED_SELECTOR = YES;
				GCC_WARN_UNINITIALIZED_AUTOS = YES_AGGRESSIVE;
				GCC_WARN_UNUSED_FUNCTION = YES;
				GCC_WARN_UNUSED_VARIABLE = YES;
				IPHONEOS_DEPLOYMENT_TARGET = 14.1;
				MTL_ENABLE_DEBUG_INFO = INCLUDE_SOURCE;
				MTL_FAST_MATH = YES;
				ONLY_ACTIVE_ARCH = YES;
				SDKROOT = iphoneos;
				SWIFT_ACTIVE_COMPILATION_CONDITIONS = DEBUG;
				SWIFT_OPTIMIZATION_LEVEL = "-Onone";
			};
			name = Debug;
		};
		83E68F46254EE38900C79CEA /* Release */ = {
			isa = XCBuildConfiguration;
			buildSettings = {
				ALWAYS_SEARCH_USER_PATHS = NO;
				CLANG_ANALYZER_NONNULL = YES;
				CLANG_ANALYZER_NUMBER_OBJECT_CONVERSION = YES_AGGRESSIVE;
				CLANG_CXX_LANGUAGE_STANDARD = "gnu++14";
				CLANG_CXX_LIBRARY = "libc++";
				CLANG_ENABLE_MODULES = YES;
				CLANG_ENABLE_OBJC_ARC = YES;
				CLANG_ENABLE_OBJC_WEAK = YES;
				CLANG_WARN_BLOCK_CAPTURE_AUTORELEASING = YES;
				CLANG_WARN_BOOL_CONVERSION = YES;
				CLANG_WARN_COMMA = YES;
				CLANG_WARN_CONSTANT_CONVERSION = YES;
				CLANG_WARN_DEPRECATED_OBJC_IMPLEMENTATIONS = YES;
				CLANG_WARN_DIRECT_OBJC_ISA_USAGE = YES_ERROR;
				CLANG_WARN_DOCUMENTATION_COMMENTS = YES;
				CLANG_WARN_EMPTY_BODY = YES;
				CLANG_WARN_ENUM_CONVERSION = YES;
				CLANG_WARN_INFINITE_RECURSION = YES;
				CLANG_WARN_INT_CONVERSION = YES;
				CLANG_WARN_NON_LITERAL_NULL_CONVERSION = YES;
				CLANG_WARN_OBJC_IMPLICIT_RETAIN_SELF = YES;
				CLANG_WARN_OBJC_LITERAL_CONVERSION = YES;
				CLANG_WARN_OBJC_ROOT_CLASS = YES_ERROR;
				CLANG_WARN_QUOTED_INCLUDE_IN_FRAMEWORK_HEADER = YES;
				CLANG_WARN_RANGE_LOOP_ANALYSIS = YES;
				CLANG_WARN_STRICT_PROTOTYPES = YES;
				CLANG_WARN_SUSPICIOUS_MOVE = YES;
				CLANG_WARN_UNGUARDED_AVAILABILITY = YES_AGGRESSIVE;
				CLANG_WARN_UNREACHABLE_CODE = YES;
				CLANG_WARN__DUPLICATE_METHOD_MATCH = YES;
				COPY_PHASE_STRIP = NO;
				DEBUG_INFORMATION_FORMAT = "dwarf-with-dsym";
				ENABLE_NS_ASSERTIONS = NO;
				ENABLE_STRICT_OBJC_MSGSEND = YES;
				GCC_C_LANGUAGE_STANDARD = gnu11;
				GCC_NO_COMMON_BLOCKS = YES;
				GCC_WARN_64_TO_32_BIT_CONVERSION = YES;
				GCC_WARN_ABOUT_RETURN_TYPE = YES_ERROR;
				GCC_WARN_UNDECLARED_SELECTOR = YES;
				GCC_WARN_UNINITIALIZED_AUTOS = YES_AGGRESSIVE;
				GCC_WARN_UNUSED_FUNCTION = YES;
				GCC_WARN_UNUSED_VARIABLE = YES;
				IPHONEOS_DEPLOYMENT_TARGET = 14.1;
				MTL_ENABLE_DEBUG_INFO = NO;
				MTL_FAST_MATH = YES;
				SDKROOT = iphoneos;
				SWIFT_COMPILATION_MODE = wholemodule;
				SWIFT_OPTIMIZATION_LEVEL = "-O";
				VALIDATE_PRODUCT = YES;
			};
			name = Release;
		};
		83E68F48254EE38900C79CEA /* Debug */ = {
			isa = XCBuildConfiguration;
			buildSettings = {
				ASSETCATALOG_COMPILER_APPICON_NAME = AppIcon;
				ASSETCATALOG_COMPILER_GLOBAL_ACCENT_COLOR_NAME = AccentColor;
				CODE_SIGN_STYLE = Automatic;
				INFOPLIST_FILE = SegueApp/Info.plist;
				LD_RUNPATH_SEARCH_PATHS = (
					"$(inherited)",
					"@executable_path/Frameworks",
				);
				PRODUCT_BUNDLE_IDENTIFIER = com.canseyhan.SegueApp;
				PRODUCT_NAME = "$(TARGET_NAME)";
				SWIFT_VERSION = 5.0;
				TARGETED_DEVICE_FAMILY = "1,2";
			};
			name = Debug;
		};
		83E68F49254EE38900C79CEA /* Release */ = {
			isa = XCBuildConfiguration;
			buildSettings = {
				ASSETCATALOG_COMPILER_APPICON_NAME = AppIcon;
				ASSETCATALOG_COMPILER_GLOBAL_ACCENT_COLOR_NAME = AccentColor;
				CODE_SIGN_STYLE = Automatic;
				INFOPLIST_FILE = SegueApp/Info.plist;
				LD_RUNPATH_SEARCH_PATHS = (
					"$(inherited)",
					"@executable_path/Frameworks",
				);
				PRODUCT_BUNDLE_IDENTIFIER = com.canseyhan.SegueApp;
				PRODUCT_NAME = "$(TARGET_NAME)";
				SWIFT_VERSION = 5.0;
				TARGETED_DEVICE_FAMILY = "1,2";
			};
			name = Release;
		};
		83E68F4B254EE38900C79CEA /* Debug */ = {
			isa = XCBuildConfiguration;
			buildSettings = {
				ALWAYS_EMBED_SWIFT_STANDARD_LIBRARIES = YES;
				BUNDLE_LOADER = "$(TEST_HOST)";
				CODE_SIGN_STYLE = Automatic;
				INFOPLIST_FILE = SegueAppTests/Info.plist;
				IPHONEOS_DEPLOYMENT_TARGET = 14.1;
				LD_RUNPATH_SEARCH_PATHS = (
					"$(inherited)",
					"@executable_path/Frameworks",
					"@loader_path/Frameworks",
				);
				PRODUCT_BUNDLE_IDENTIFIER = com.canseyhan.SegueAppTests;
				PRODUCT_NAME = "$(TARGET_NAME)";
				SWIFT_VERSION = 5.0;
				TARGETED_DEVICE_FAMILY = "1,2";
				TEST_HOST = "$(BUILT_PRODUCTS_DIR)/SegueApp.app/SegueApp";
			};
			name = Debug;
		};
		83E68F4C254EE38900C79CEA /* Release */ = {
			isa = XCBuildConfiguration;
			buildSettings = {
				ALWAYS_EMBED_SWIFT_STANDARD_LIBRARIES = YES;
				BUNDLE_LOADER = "$(TEST_HOST)";
				CODE_SIGN_STYLE = Automatic;
				INFOPLIST_FILE = SegueAppTests/Info.plist;
				IPHONEOS_DEPLOYMENT_TARGET = 14.1;
				LD_RUNPATH_SEARCH_PATHS = (
					"$(inherited)",
					"@executable_path/Frameworks",
					"@loader_path/Frameworks",
				);
				PRODUCT_BUNDLE_IDENTIFIER = com.canseyhan.SegueAppTests;
				PRODUCT_NAME = "$(TARGET_NAME)";
				SWIFT_VERSION = 5.0;
				TARGETED_DEVICE_FAMILY = "1,2";
				TEST_HOST = "$(BUILT_PRODUCTS_DIR)/SegueApp.app/SegueApp";
			};
			name = Release;
		};
		83E68F4E254EE38900C79CEA /* Debug */ = {
			isa = XCBuildConfiguration;
			buildSettings = {
				ALWAYS_EMBED_SWIFT_STANDARD_LIBRARIES = YES;
				CODE_SIGN_STYLE = Automatic;
				INFOPLIST_FILE = SegueAppUITests/Info.plist;
				LD_RUNPATH_SEARCH_PATHS = (
					"$(inherited)",
					"@executable_path/Frameworks",
					"@loader_path/Frameworks",
				);
				PRODUCT_BUNDLE_IDENTIFIER = com.canseyhan.SegueAppUITests;
				PRODUCT_NAME = "$(TARGET_NAME)";
				SWIFT_VERSION = 5.0;
				TARGETED_DEVICE_FAMILY = "1,2";
				TEST_TARGET_NAME = SegueApp;
			};
			name = Debug;
		};
		83E68F4F254EE38900C79CEA /* Release */ = {
			isa = XCBuildConfiguration;
			buildSettings = {
				ALWAYS_EMBED_SWIFT_STANDARD_LIBRARIES = YES;
				CODE_SIGN_STYLE = Automatic;
				INFOPLIST_FILE = SegueAppUITests/Info.plist;
				LD_RUNPATH_SEARCH_PATHS = (
					"$(inherited)",
					"@executable_path/Frameworks",
					"@loader_path/Frameworks",
				);
				PRODUCT_BUNDLE_IDENTIFIER = com.canseyhan.SegueAppUITests;
				PRODUCT_NAME = "$(TARGET_NAME)";
				SWIFT_VERSION = 5.0;
				TARGETED_DEVICE_FAMILY = "1,2";
				TEST_TARGET_NAME = SegueApp;
			};
			name = Release;
		};
/* End XCBuildConfiguration section */

/* Begin XCConfigurationList section */
		83E68F18254EE38700C79CEA /* Build configuration list for PBXProject "SegueApp" */ = {
			isa = XCConfigurationList;
			buildConfigurations = (
				83E68F45254EE38900C79CEA /* Debug */,
				83E68F46254EE38900C79CEA /* Release */,
			);
			defaultConfigurationIsVisible = 0;
			defaultConfigurationName = Release;
		};
		83E68F47254EE38900C79CEA /* Build configuration list for PBXNativeTarget "SegueApp" */ = {
			isa = XCConfigurationList;
			buildConfigurations = (
				83E68F48254EE38900C79CEA /* Debug */,
				83E68F49254EE38900C79CEA /* Release */,
			);
			defaultConfigurationIsVisible = 0;
			defaultConfigurationName = Release;
		};
		83E68F4A254EE38900C79CEA /* Build configuration list for PBXNativeTarget "SegueAppTests" */ = {
			isa = XCConfigurationList;
			buildConfigurations = (
				83E68F4B254EE38900C79CEA /* Debug */,
				83E68F4C254EE38900C79CEA /* Release */,
			);
			defaultConfigurationIsVisible = 0;
			defaultConfigurationName = Release;
		};
		83E68F4D254EE38900C79CEA /* Build configuration list for PBXNativeTarget "SegueAppUITests" */ = {
			isa = XCConfigurationList;
			buildConfigurations = (
				83E68F4E254EE38900C79CEA /* Debug */,
				83E68F4F254EE38900C79CEA /* Release */,
			);
			defaultConfigurationIsVisible = 0;
			defaultConfigurationName = Release;
		};
/* End XCConfigurationList section */
	};
	rootObject = 83E68F15254EE38700C79CEA /* Project object */;
}
